
Microsoft Visual Studio Solution File, Format Version 12.00
# Visual Studio Version 16
VisualStudioVersion = 16.0.28803.202
MinimumVisualStudioVersion = 10.0.40219.1
Project("{8BC9CEB8-8B4A-11D0-8D11-00A0C91BC942}") = "cstl", "cstl.vcxproj", "{B87E7A93-A8FD-4A13-80E4-001929E7910E}"
EndProject
Global
	GlobalSection(SolutionConfigurationPlatforms) = preSolution
		Debug|x64 = Debug|x64
		Debug|x86 = Debug|x86
		Release|x64 = Release|x64
		Release|x86 = Release|x86
	EndGlobalSection
	GlobalSection(ProjectConfigurationPlatforms) = postSolution
		{B87E7A93-A8FD-4A13-80E4-001929E7910E}.Debug|x64.ActiveCfg = Debug|x64
		{B87E7A93-A8FD-4A13-80E4-001929E7910E}.Debug|x64.Build.0 = Debug|x64
		{B87E7A93-A8FD-4A13-80E4-001929E7910E}.Debug|x86.ActiveCfg = Debug|Win32
		{B87E7A93-A8FD-4A13-80E4-001929E7910E}.Debug|x86.Build.0 = Debug|Win32
		{B87E7A93-A8FD-4A13-80E4-001929E7910E}.Release|x64.ActiveCfg = Release|x64
		{B87E7A93-A8FD-4A13-80E4-001929E7910E}.Release|x64.Build.0 = Release|x64
		{B87E7A93-A8FD-4A13-80E4-001929E7910E}.Release|x86.ActiveCfg = Release|Win32
		{B87E7A93-A8FD-4A13-80E4-001929E7910E}.Release|x86.Build.0 = Release|Win32
	EndGlobalSection
	GlobalSection(SolutionProperties) = preSolution
		HideSolutionNode = FALSE
	EndGlobalSection
	GlobalSection(ExtensibilityGlobals) = postSolution
		SolutionGuid = {DDC7262A-5C3B-46E8-A146-B54A23163C99}
	EndGlobalSection
EndGlobal
